
Microsoft Visual Studio Solution File, Format Version 12.00
# Visual Studio 15
VisualStudioVersion = 15.0.28307.1927
MinimumVisualStudioVersion = 10.0.40219.1
Project("{FAE04EC0-301F-11D3-BF4B-00C04F79EFBC}") = "CoChan", "CoChan\CoChan.csproj", "{DD979D14-CC70-4D11-AA62-3474AEB700FA}"
EndProject
Global
	GlobalSection(SolutionConfigurationPlatforms) = preSolution
		Debug|Any CPU = Debug|Any CPU
		Release|Any CPU = Release|Any CPU
	EndGlobalSection
	GlobalSection(ProjectConfigurationPlatforms) = postSolution
		{DD979D14-CC70-4D11-AA62-3474AEB700FA}.Debug|Any CPU.ActiveCfg = Debug|Any CPU
		{DD979D14-CC70-4D11-AA62-3474AEB700FA}.Debug|Any CPU.Build.0 = Debug|Any CPU
		{DD979D14-CC70-4D11-AA62-3474AEB700FA}.Release|Any CPU.ActiveCfg = Release|Any CPU
		{DD979D14-CC70-4D11-AA62-3474AEB700FA}.Release|Any CPU.Build.0 = Release|Any CPU
	EndGlobalSection
	GlobalSection(SolutionProperties) = preSolution
		HideSolutionNode = FALSE
	EndGlobalSection
	GlobalSection(ExtensibilityGlobals) = postSolution
		SolutionGuid = {F1AE5435-B380-4028-AFD0-E0181CC2F72F}
	EndGlobalSection
EndGlobal
